
Microsoft Visual Studio Solution File, Format Version 12.00
# Visual Studio 15
VisualStudioVersion = 15.0.27428.2043
MinimumVisualStudioVersion = 10.0.40219.1
Project("{FAE04EC0-301F-11D3-BF4B-00C04F79EFBC}") = "kurs1", "kurs1\kurs1.csproj", "{0C8E5999-9BF2-4280-9CBF-A55C9C7A2C4A}"
EndProject
Project("{FAE04EC0-301F-11D3-BF4B-00C04F79EFBC}") = "DziennikUcznia", "DziennikUcznia\DziennikUcznia.csproj", "{F3113BF0-38CF-4611-A958-3E122CCFFB42}"
EndProject
Project("{FAE04EC0-301F-11D3-BF4B-00C04F79EFBC}") = "Dzienniczek.test", "Dzienniczek.test\Dzienniczek.test.csproj", "{5D5EDDB8-88AD-49A3-9CA5-2F582301E4FB}"
EndProject
Project("{FAE04EC0-301F-11D3-BF4B-00C04F79EFBC}") = "probaList", "probaList\probaList.csproj", "{FD023E68-7A02-46F9-97CE-050241BC4559}"
EndProject
Project("{FAE04EC0-301F-11D3-BF4B-00C04F79EFBC}") = "MainClass", "MainClass\MainClass.csproj", "{34C20877-DDFE-48EB-A05A-F76535E19FFF}"
EndProject
Global
	GlobalSection(SolutionConfigurationPlatforms) = preSolution
		Debug|Any CPU = Debug|Any CPU
		Debug|ARM = Debug|ARM
		Debug|x64 = Debug|x64
		Debug|x86 = Debug|x86
		Release|Any CPU = Release|Any CPU
		Release|ARM = Release|ARM
		Release|x64 = Release|x64
		Release|x86 = Release|x86
	EndGlobalSection
	GlobalSection(ProjectConfigurationPlatforms) = postSolution
		{0C8E5999-9BF2-4280-9CBF-A55C9C7A2C4A}.Debug|Any CPU.ActiveCfg = Debug|Any CPU
		{0C8E5999-9BF2-4280-9CBF-A55C9C7A2C4A}.Debug|Any CPU.Build.0 = Debug|Any CPU
		{0C8E5999-9BF2-4280-9CBF-A55C9C7A2C4A}.Debug|ARM.ActiveCfg = Debug|Any CPU
		{0C8E5999-9BF2-4280-9CBF-A55C9C7A2C4A}.Debug|ARM.Build.0 = Debug|Any CPU
		{0C8E5999-9BF2-4280-9CBF-A55C9C7A2C4A}.Debug|x64.ActiveCfg = Debug|Any CPU
		{0C8E5999-9BF2-4280-9CBF-A55C9C7A2C4A}.Debug|x64.Build.0 = Debug|Any CPU
		{0C8E5999-9BF2-4280-9CBF-A55C9C7A2C4A}.Debug|x86.ActiveCfg = Debug|Any CPU
		{0C8E5999-9BF2-4280-9CBF-A55C9C7A2C4A}.Debug|x86.Build.0 = Debug|Any CPU
		{0C8E5999-9BF2-4280-9CBF-A55C9C7A2C4A}.Release|Any CPU.ActiveCfg = Release|Any CPU
		{0C8E5999-9BF2-4280-9CBF-A55C9C7A2C4A}.Release|Any CPU.Build.0 = Release|Any CPU
		{0C8E5999-9BF2-4280-9CBF-A55C9C7A2C4A}.Release|ARM.ActiveCfg = Release|Any CPU
		{0C8E5999-9BF2-4280-9CBF-A55C9C7A2C4A}.Release|ARM.Build.0 = Release|Any CPU
		{0C8E5999-9BF2-4280-9CBF-A55C9C7A2C4A}.Release|x64.ActiveCfg = Release|Any CPU
		{0C8E5999-9BF2-4280-9CBF-A55C9C7A2C4A}.Release|x64.Build.0 = Release|Any CPU
		{0C8E5999-9BF2-4280-9CBF-A55C9C7A2C4A}.Release|x86.ActiveCfg = Release|Any CPU
		{0C8E5999-9BF2-4280-9CBF-A55C9C7A2C4A}.Release|x86.Build.0 = Release|Any CPU
		{F3113BF0-38CF-4611-A958-3E122CCFFB42}.Debug|Any CPU.ActiveCfg = Debug|Any CPU
		{F3113BF0-38CF-4611-A958-3E122CCFFB42}.Debug|Any CPU.Build.0 = Debug|Any CPU
		{F3113BF0-38CF-4611-A958-3E122CCFFB42}.Debug|ARM.ActiveCfg = Debug|Any CPU
		{F3113BF0-38CF-4611-A958-3E122CCFFB42}.Debug|ARM.Build.0 = Debug|Any CPU
		{F3113BF0-38CF-4611-A958-3E122CCFFB42}.Debug|x64.ActiveCfg = Debug|Any CPU
		{F3113BF0-38CF-4611-A958-3E122CCFFB42}.Debug|x64.Build.0 = Debug|Any CPU
		{F3113BF0-38CF-4611-A958-3E122CCFFB42}.Debug|x86.ActiveCfg = Debug|Any CPU
		{F3113BF0-38CF-4611-A958-3E122CCFFB42}.Debug|x86.Build.0 = Debug|Any CPU
		{F3113BF0-38CF-4611-A958-3E122CCFFB42}.Release|Any CPU.ActiveCfg = Release|Any CPU
		{F3113BF0-38CF-4611-A958-3E122CCFFB42}.Release|Any CPU.Build.0 = Release|Any CPU
		{F3113BF0-38CF-4611-A958-3E122CCFFB42}.Release|ARM.ActiveCfg = Release|Any CPU
		{F3113BF0-38CF-4611-A958-3E122CCFFB42}.Release|ARM.Build.0 = Release|Any CPU
		{F3113BF0-38CF-4611-A958-3E122CCFFB42}.Release|x64.ActiveCfg = Release|Any CPU
		{F3113BF0-38CF-4611-A958-3E122CCFFB42}.Release|x64.Build.0 = Release|Any CPU
		{F3113BF0-38CF-4611-A958-3E122CCFFB42}.Release|x86.ActiveCfg = Release|Any CPU
		{F3113BF0-38CF-4611-A958-3E122CCFFB42}.Release|x86.Build.0 = Release|Any CPU
		{5D5EDDB8-88AD-49A3-9CA5-2F582301E4FB}.Debug|Any CPU.ActiveCfg = Debug|Any CPU
		{5D5EDDB8-88AD-49A3-9CA5-2F582301E4FB}.Debug|Any CPU.Build.0 = Debug|Any CPU
		{5D5EDDB8-88AD-49A3-9CA5-2F582301E4FB}.Debug|ARM.ActiveCfg = Debug|Any CPU
		{5D5EDDB8-88AD-49A3-9CA5-2F582301E4FB}.Debug|ARM.Build.0 = Debug|Any CPU
		{5D5EDDB8-88AD-49A3-9CA5-2F582301E4FB}.Debug|x64.ActiveCfg = Debug|Any CPU
		{5D5EDDB8-88AD-49A3-9CA5-2F582301E4FB}.Debug|x64.Build.0 = Debug|Any CPU
		{5D5EDDB8-88AD-49A3-9CA5-2F582301E4FB}.Debug|x86.ActiveCfg = Debug|Any CPU
		{5D5EDDB8-88AD-49A3-9CA5-2F582301E4FB}.Debug|x86.Build.0 = Debug|Any CPU
		{5D5EDDB8-88AD-49A3-9CA5-2F582301E4FB}.Release|Any CPU.ActiveCfg = Release|Any CPU
		{5D5EDDB8-88AD-49A3-9CA5-2F582301E4FB}.Release|Any CPU.Build.0 = Release|Any CPU
		{5D5EDDB8-88AD-49A3-9CA5-2F582301E4FB}.Release|ARM.ActiveCfg = Release|Any CPU
		{5D5EDDB8-88AD-49A3-9CA5-2F582301E4FB}.Release|ARM.Build.0 = Release|Any CPU
		{5D5EDDB8-88AD-49A3-9CA5-2F582301E4FB}.Release|x64.ActiveCfg = Release|Any CPU
		{5D5EDDB8-88AD-49A3-9CA5-2F582301E4FB}.Release|x64.Build.0 = Release|Any CPU
		{5D5EDDB8-88AD-49A3-9CA5-2F582301E4FB}.Release|x86.ActiveCfg = Release|Any CPU
		{5D5EDDB8-88AD-49A3-9CA5-2F582301E4FB}.Release|x86.Build.0 = Release|Any CPU
		{FD023E68-7A02-46F9-97CE-050241BC4559}.Debug|Any CPU.ActiveCfg = Debug|Any CPU
		{FD023E68-7A02-46F9-97CE-050241BC4559}.Debug|Any CPU.Build.0 = Debug|Any CPU
		{FD023E68-7A02-46F9-97CE-050241BC4559}.Debug|ARM.ActiveCfg = Debug|Any CPU
		{FD023E68-7A02-46F9-97CE-050241BC4559}.Debug|ARM.Build.0 = Debug|Any CPU
		{FD023E68-7A02-46F9-97CE-050241BC4559}.Debug|x64.ActiveCfg = Debug|Any CPU
		{FD023E68-7A02-46F9-97CE-050241BC4559}.Debug|x64.Build.0 = Debug|Any CPU
		{FD023E68-7A02-46F9-97CE-050241BC4559}.Debug|x86.ActiveCfg = Debug|Any CPU
		{FD023E68-7A02-46F9-97CE-050241BC4559}.Debug|x86.Build.0 = Debug|Any CPU
		{FD023E68-7A02-46F9-97CE-050241BC4559}.Release|Any CPU.ActiveCfg = Release|Any CPU
		{FD023E68-7A02-46F9-97CE-050241BC4559}.Release|Any CPU.Build.0 = Release|Any CPU
		{FD023E68-7A02-46F9-97CE-050241BC4559}.Release|ARM.ActiveCfg = Release|Any CPU
		{FD023E68-7A02-46F9-97CE-050241BC4559}.Release|ARM.Build.0 = Release|Any CPU
		{FD023E68-7A02-46F9-97CE-050241BC4559}.Release|x64.ActiveCfg = Release|Any CPU
		{FD023E68-7A02-46F9-97CE-050241BC4559}.Release|x64.Build.0 = Release|Any CPU
		{FD023E68-7A02-46F9-97CE-050241BC4559}.Release|x86.ActiveCfg = Release|Any CPU
		{FD023E68-7A02-46F9-97CE-050241BC4559}.Release|x86.Build.0 = Release|Any CPU
		{34C20877-DDFE-48EB-A05A-F76535E19FFF}.Debug|Any CPU.ActiveCfg = Debug|Any CPU
		{34C20877-DDFE-48EB-A05A-F76535E19FFF}.Debug|Any CPU.Build.0 = Debug|Any CPU
		{34C20877-DDFE-48EB-A05A-F76535E19FFF}.Debug|ARM.ActiveCfg = Debug|Any CPU
		{34C20877-DDFE-48EB-A05A-F76535E19FFF}.Debug|ARM.Build.0 = Debug|Any CPU
		{34C20877-DDFE-48EB-A05A-F76535E19FFF}.Debug|x64.ActiveCfg = Debug|Any CPU
		{34C20877-DDFE-48EB-A05A-F76535E19FFF}.Debug|x64.Build.0 = Debug|Any CPU
		{34C20877-DDFE-48EB-A05A-F76535E19FFF}.Debug|x86.ActiveCfg = Debug|Any CPU
		{34C20877-DDFE-48EB-A05A-F76535E19FFF}.Debug|x86.Build.0 = Debug|Any CPU
		{34C20877-DDFE-48EB-A05A-F76535E19FFF}.Release|Any CPU.ActiveCfg = Release|Any CPU
		{34C20877-DDFE-48EB-A05A-F76535E19FFF}.Release|Any CPU.Build.0 = Release|Any CPU
		{34C20877-DDFE-48EB-A05A-F76535E19FFF}.Release|ARM.ActiveCfg = Release|Any CPU
		{34C20877-DDFE-48EB-A05A-F76535E19FFF}.Release|ARM.Build.0 = Release|Any CPU
		{34C20877-DDFE-48EB-A05A-F76535E19FFF}.Release|x64.ActiveCfg = Release|Any CPU
		{34C20877-DDFE-48EB-A05A-F76535E19FFF}.Release|x64.Build.0 = Release|Any CPU
		{34C20877-DDFE-48EB-A05A-F76535E19FFF}.Release|x86.ActiveCfg = Release|Any CPU
		{34C20877-DDFE-48EB-A05A-F76535E19FFF}.Release|x86.Build.0 = Release|Any CPU
	EndGlobalSection
	GlobalSection(SolutionProperties) = preSolution
		HideSolutionNode = FALSE
	EndGlobalSection
	GlobalSection(ExtensibilityGlobals) = postSolution
		SolutionGuid = {50E8AA83-764E-425A-9D8D-13FCFF973BE8}
	EndGlobalSection
	GlobalSection(Performance) = preSolution
		HasPerformanceSessions = true
	EndGlobalSection
EndGlobal
